{
  "version": 4,
  "terraform_version": "1.1.3",
  "serial": 71,
  "lineage": "87918aa8-f856-65b2-ae45-706570b4018c",
  "outputs": {},
  "resources": [
    {
      "module": "module.cluster",
      "mode": "managed",
      "type": "aws_eks_cluster",
      "name": "k8s_cluster",
      "provider": "provider[\"registry.terraform.io/hashicorp/aws\"]",
      "instances": [
        {
          "schema_version": 0,
          "attributes": {
            "arn": "arn:aws:eks:sa-east-1:673233071717:cluster/k8s-cluster-stg",
            "certificate_authority": [
              {
                "data": "LS0tLS1CRUdJTiBDRVJUSUZJQ0FURS0tLS0tCk1JSUM1ekNDQWMrZ0F3SUJBZ0lCQURBTkJna3Foa2lHOXcwQkFRc0ZBREFWTVJNd0VRWURWUVFERXdwcmRXSmwKY201bGRHVnpNQjRYRFRJeU1ESXhPVEUwTVRVMU1Wb1hEVE15TURJeE56RTBNVFUxTVZvd0ZURVRNQkVHQTFVRQpBeE1LYTNWaVpYSnVaWFJsY3pDQ0FTSXdEUVlKS29aSWh2Y05BUUVCQlFBRGdnRVBBRENDQVFvQ2dnRUJBT3JvCjRUKzkrcGZtN05sQ3VSMzdVWFJSU1VpNmNaa2RMOTlKVFNvRGN6ZGN4V2hUbEM0dDNPUVkxWmJUMTRzTGpPSVcKL3JEWUFVd0o2bGhUK0dibGFTRGJpR1RDeFZTd2xzRTlubXJHSzNGcFE2NGVaUk9jV0U3ZlJZcDFiWnkzOXpyUgpsL0g1OTdnZE1EOTgzMUhscXRLOVc1L0NydmdJckhKRHFqaWpzdmJoOHk5RzRLQkhMbU5rNjJ0c3h1eGpNZ0xxCnNkOVN0aTdCYzlNeGxUU2s0TkI0SklkeGYyNllkeGR3ZkZXb3loR0dUUlBVQmJDUFZXRVlHYjNlR2xnckhhVHYKekZQSkY3YkFiZ0RIeUJLZTRTMkNJNmJBS1J2ZVZ3RWZ4OHoxazZKUVNlS0NkOWNKVGtKTlJRVVFWQ2pqQlM4SApLcElScWs5RGJYSjRnaFBJcGNVQ0F3RUFBYU5DTUVBd0RnWURWUjBQQVFIL0JBUURBZ0trTUE4R0ExVWRFd0VCCi93UUZNQU1CQWY4d0hRWURWUjBPQkJZRUZDZmxBelNmYTVMa09VWC9vUDB6QjZ1Wk8xMWVNQTBHQ1NxR1NJYjMKRFFFQkN3VUFBNElCQVFCQVdxcVROUlNpMnk2U1dZV2VWeDNKWVF6SHZvM0pGTjJpVURMVEIwK2JFRGFwL0hrcQpndHl6QklHNzhveHNXZzBuZXFVSHE2MHM3N09oMCtzL1RmN2RqZHFiZ3BPR1pFTi9zeXVKUGV0NWhCSTY2RXpYCjJFQWw4V0FXcDQvSEJvSGJxQXdYWTlvUXY3NXRFNm9DRjloY3QyNmhCWFdyVm1TaWxhQmNONW9OaEVIQkVSMmoKRm9zdmxUaURlc0Z6OGhxRFdzQ3hDSGtpQW5XNXI5VVJMcHdqMEZESFRpbU9XTVpNSUcvWGxPR1pwdFkyT25ELwpJWHdyT1FJZ1luaThRenJBRGlpTC9OK0VHL3JGWGtwQWtFUVhpRHpPTllPSVpPMzRxMHhoSWVWMk0zRzJ4OSthCjZKMk16SnVZSFYvVThqOHM4WGpTNkgrS1c1NzJnZ3hVVmNPYQotLS0tLUVORCBDRVJUSUZJQ0FURS0tLS0tCg=="
              }
            ],
            "created_at": "2022-02-19 14:09:00.375 +0000 UTC",
            "enabled_cluster_log_types": [],
            "encryption_config": [],
            "endpoint": "https://108B6533043B02638F043C5FC456CB66.yl4.sa-east-1.eks.amazonaws.com",
            "id": "k8s-cluster-stg",
            "identity": [
              {
                "oidc": [
                  {
                    "issuer": "https://oidc.eks.sa-east-1.amazonaws.com/id/108B6533043B02638F043C5FC456CB66"
                  }
                ]
              }
            ],
            "kubernetes_network_config": [
              {
                "ip_family": "ipv4",
                "service_ipv4_cidr": "172.20.0.0/16"
              }
            ],
            "name": "k8s-cluster-stg",
            "platform_version": "eks.4",
            "role_arn": "arn:aws:iam::673233071717:role/k8s-eks-cluster-role",
            "status": "ACTIVE",
            "tags": {
              "Env": "stg"
            },
            "tags_all": {
              "Env": "stg"
            },
            "timeouts": null,
            "version": "1.21",
            "vpc_config": [
              {
                "cluster_security_group_id": "sg-0cbf41f06d4ca9b6a",
                "endpoint_private_access": false,
                "endpoint_public_access": true,
                "public_access_cidrs": [
                  "0.0.0.0/0"
                ],
                "security_group_ids": [],
                "subnet_ids": [
                  "subnet-0254d9c87030dff9f",
                  "subnet-05890f6002d4102aa",
                  "subnet-081c417cb5239d941"
                ],
                "vpc_id": "vpc-0a7cafe308b612500"
              }
            ]
          },
          "sensitive_attributes": [],
          "private": "eyJlMmJmYjczMC1lY2FhLTExZTYtOGY4OC0zNDM2M2JjN2M0YzAiOnsiY3JlYXRlIjoxODAwMDAwMDAwMDAwLCJkZWxldGUiOjkwMDAwMDAwMDAwMCwidXBkYXRlIjozNjAwMDAwMDAwMDAwfX0=",
          "dependencies": [
            "module.network.aws_vpc.k8s_private_vpc",
            "module.network.data.aws_availability_zones.available",
            "module.cluster.aws_iam_role.k8s-eks-cluster-role",
            "module.cluster.aws_iam_role_policy_attachment.k8s-AmazonEKSClusterPolicy",
            "module.cluster.aws_iam_role_policy_attachment.k8s-AmazonEKSServicePolicy",
            "module.network.aws_subnet.k8s-eks-subnet"
          ]
        }
      ]
    },
    {
      "module": "module.cluster",
      "mode": "managed",
      "type": "aws_iam_role",
      "name": "k8s-eks-cluster-role",
      "provider": "provider[\"registry.terraform.io/hashicorp/aws\"]",
      "instances": [
        {
          "schema_version": 0,
          "attributes": {
            "arn": "arn:aws:iam::673233071717:role/k8s-eks-cluster-role",
            "assume_role_policy": "{\"Version\":\"2012-10-17\",\"Statement\":[{\"Effect\":\"Allow\",\"Principal\":{\"Service\":\"eks.amazonaws.com\"},\"Action\":\"sts:AssumeRole\"}]}",
            "create_date": "2022-02-19T14:08:54Z",
            "description": "",
            "force_detach_policies": false,
            "id": "k8s-eks-cluster-role",
            "inline_policy": [
              {
                "name": "",
                "policy": ""
              }
            ],
            "managed_policy_arns": [
              "arn:aws:iam::aws:policy/AmazonEKSClusterPolicy",
              "arn:aws:iam::aws:policy/AmazonEKSServicePolicy"
            ],
            "max_session_duration": 3600,
            "name": "k8s-eks-cluster-role",
            "name_prefix": "",
            "path": "/",
            "permissions_boundary": null,
            "tags": {},
            "tags_all": {},
            "unique_id": "AROAZZP6RNZS46R2L25PZ"
          },
          "sensitive_attributes": [],
          "private": "bnVsbA=="
        }
      ]
    },
    {
      "module": "module.cluster",
      "mode": "managed",
      "type": "aws_iam_role_policy_attachment",
      "name": "k8s-AmazonEKSClusterPolicy",
      "provider": "provider[\"registry.terraform.io/hashicorp/aws\"]",
      "instances": [
        {
          "schema_version": 0,
          "attributes": {
            "id": "k8s-eks-cluster-role-20220219140900308400000004",
            "policy_arn": "arn:aws:iam::aws:policy/AmazonEKSClusterPolicy",
            "role": "k8s-eks-cluster-role"
          },
          "sensitive_attributes": [],
          "private": "bnVsbA==",
          "dependencies": [
            "module.cluster.aws_iam_role.k8s-eks-cluster-role"
          ]
        }
      ]
    },
    {
      "module": "module.cluster",
      "mode": "managed",
      "type": "aws_iam_role_policy_attachment",
      "name": "k8s-AmazonEKSServicePolicy",
      "provider": "provider[\"registry.terraform.io/hashicorp/aws\"]",
      "instances": [
        {
          "schema_version": 0,
          "attributes": {
            "id": "k8s-eks-cluster-role-20220219140900306400000002",
            "policy_arn": "arn:aws:iam::aws:policy/AmazonEKSServicePolicy",
            "role": "k8s-eks-cluster-role"
          },
          "sensitive_attributes": [],
          "private": "bnVsbA==",
          "dependencies": [
            "module.cluster.aws_iam_role.k8s-eks-cluster-role"
          ]
        }
      ]
    },
    {
      "module": "module.network",
      "mode": "data",
      "type": "aws_availability_zones",
      "name": "available",
      "provider": "provider[\"registry.terraform.io/hashicorp/aws\"]",
      "instances": [
        {
          "schema_version": 0,
          "attributes": {
            "all_availability_zones": null,
            "exclude_names": null,
            "exclude_zone_ids": null,
            "filter": null,
            "group_names": [
              "sa-east-1"
            ],
            "id": "sa-east-1",
            "names": [
              "sa-east-1a",
              "sa-east-1b",
              "sa-east-1c"
            ],
            "state": null,
            "zone_ids": [
              "sae1-az1",
              "sae1-az2",
              "sae1-az3"
            ]
          },
          "sensitive_attributes": []
        }
      ]
    },
    {
      "module": "module.network",
      "mode": "managed",
      "type": "aws_subnet",
      "name": "k8s-eks-subnet",
      "provider": "provider[\"registry.terraform.io/hashicorp/aws\"]",
      "instances": [
        {
          "index_key": 0,
          "schema_version": 1,
          "attributes": {
            "arn": "arn:aws:ec2:sa-east-1:673233071717:subnet/subnet-081c417cb5239d941",
            "assign_ipv6_address_on_creation": false,
            "availability_zone": "sa-east-1a",
            "availability_zone_id": "sae1-az1",
            "cidr_block": "10.0.0.0/24",
            "customer_owned_ipv4_pool": "",
            "enable_dns64": false,
            "enable_resource_name_dns_a_record_on_launch": false,
            "enable_resource_name_dns_aaaa_record_on_launch": false,
            "id": "subnet-081c417cb5239d941",
            "ipv6_cidr_block": "",
            "ipv6_cidr_block_association_id": "",
            "ipv6_native": false,
            "map_customer_owned_ip_on_launch": false,
            "map_public_ip_on_launch": false,
            "outpost_arn": "",
            "owner_id": "673233071717",
            "private_dns_hostname_type_on_launch": "ip-name",
            "tags": {
              "Env": "stg",
              "a": "kubernetes.io/cluster/k8s-cluster-stg",
              "b": "shared"
            },
            "tags_all": {
              "Env": "stg",
              "a": "kubernetes.io/cluster/k8s-cluster-stg",
              "b": "shared"
            },
            "timeouts": null,
            "vpc_id": "vpc-0a7cafe308b612500"
          },
          "sensitive_attributes": [],
          "private": "eyJlMmJmYjczMC1lY2FhLTExZTYtOGY4OC0zNDM2M2JjN2M0YzAiOnsiY3JlYXRlIjo2MDAwMDAwMDAwMDAsImRlbGV0ZSI6MTIwMDAwMDAwMDAwMH0sInNjaGVtYV92ZXJzaW9uIjoiMSJ9",
          "dependencies": [
            "module.network.aws_vpc.k8s_private_vpc",
            "module.network.data.aws_availability_zones.available"
          ]
        },
        {
          "index_key": 1,
          "schema_version": 1,
          "attributes": {
            "arn": "arn:aws:ec2:sa-east-1:673233071717:subnet/subnet-05890f6002d4102aa",
            "assign_ipv6_address_on_creation": false,
            "availability_zone": "sa-east-1b",
            "availability_zone_id": "sae1-az2",
            "cidr_block": "10.0.1.0/24",
            "customer_owned_ipv4_pool": "",
            "enable_dns64": false,
            "enable_resource_name_dns_a_record_on_launch": false,
            "enable_resource_name_dns_aaaa_record_on_launch": false,
            "id": "subnet-05890f6002d4102aa",
            "ipv6_cidr_block": "",
            "ipv6_cidr_block_association_id": "",
            "ipv6_native": false,
            "map_customer_owned_ip_on_launch": false,
            "map_public_ip_on_launch": false,
            "outpost_arn": "",
            "owner_id": "673233071717",
            "private_dns_hostname_type_on_launch": "ip-name",
            "tags": {
              "Env": "stg",
              "a": "kubernetes.io/cluster/k8s-cluster-stg",
              "b": "shared"
            },
            "tags_all": {
              "Env": "stg",
              "a": "kubernetes.io/cluster/k8s-cluster-stg",
              "b": "shared"
            },
            "timeouts": null,
            "vpc_id": "vpc-0a7cafe308b612500"
          },
          "sensitive_attributes": [],
          "private": "eyJlMmJmYjczMC1lY2FhLTExZTYtOGY4OC0zNDM2M2JjN2M0YzAiOnsiY3JlYXRlIjo2MDAwMDAwMDAwMDAsImRlbGV0ZSI6MTIwMDAwMDAwMDAwMH0sInNjaGVtYV92ZXJzaW9uIjoiMSJ9",
          "dependencies": [
            "module.network.data.aws_availability_zones.available",
            "module.network.aws_vpc.k8s_private_vpc"
          ]
        },
        {
          "index_key": 2,
          "schema_version": 1,
          "attributes": {
            "arn": "arn:aws:ec2:sa-east-1:673233071717:subnet/subnet-0254d9c87030dff9f",
            "assign_ipv6_address_on_creation": false,
            "availability_zone": "sa-east-1c",
            "availability_zone_id": "sae1-az3",
            "cidr_block": "10.0.2.0/24",
            "customer_owned_ipv4_pool": "",
            "enable_dns64": false,
            "enable_resource_name_dns_a_record_on_launch": false,
            "enable_resource_name_dns_aaaa_record_on_launch": false,
            "id": "subnet-0254d9c87030dff9f",
            "ipv6_cidr_block": "",
            "ipv6_cidr_block_association_id": "",
            "ipv6_native": false,
            "map_customer_owned_ip_on_launch": false,
            "map_public_ip_on_launch": false,
            "outpost_arn": "",
            "owner_id": "673233071717",
            "private_dns_hostname_type_on_launch": "ip-name",
            "tags": {
              "Env": "stg",
              "a": "kubernetes.io/cluster/k8s-cluster-stg",
              "b": "shared"
            },
            "tags_all": {
              "Env": "stg",
              "a": "kubernetes.io/cluster/k8s-cluster-stg",
              "b": "shared"
            },
            "timeouts": null,
            "vpc_id": "vpc-0a7cafe308b612500"
          },
          "sensitive_attributes": [],
          "private": "eyJlMmJmYjczMC1lY2FhLTExZTYtOGY4OC0zNDM2M2JjN2M0YzAiOnsiY3JlYXRlIjo2MDAwMDAwMDAwMDAsImRlbGV0ZSI6MTIwMDAwMDAwMDAwMH0sInNjaGVtYV92ZXJzaW9uIjoiMSJ9",
          "dependencies": [
            "module.network.aws_vpc.k8s_private_vpc",
            "module.network.data.aws_availability_zones.available"
          ]
        }
      ]
    },
    {
      "module": "module.network",
      "mode": "managed",
      "type": "aws_vpc",
      "name": "k8s_private_vpc",
      "provider": "provider[\"registry.terraform.io/hashicorp/aws\"]",
      "instances": [
        {
          "schema_version": 1,
          "attributes": {
            "arn": "arn:aws:ec2:sa-east-1:673233071717:vpc/vpc-0a7cafe308b612500",
            "assign_generated_ipv6_cidr_block": false,
            "cidr_block": "10.0.0.0/16",
            "default_network_acl_id": "acl-09a44a5afe921e404",
            "default_route_table_id": "rtb-0622086b7ee761506",
            "default_security_group_id": "sg-023f1c82c6b9a4d07",
            "dhcp_options_id": "dopt-0c5e07f4a6e1146ef",
            "enable_classiclink": false,
            "enable_classiclink_dns_support": false,
            "enable_dns_hostnames": false,
            "enable_dns_support": true,
            "id": "vpc-0a7cafe308b612500",
            "instance_tenancy": "default",
            "ipv4_ipam_pool_id": null,
            "ipv4_netmask_length": null,
            "ipv6_association_id": "",
            "ipv6_cidr_block": "",
            "ipv6_cidr_block_network_border_group": "",
            "ipv6_ipam_pool_id": "",
            "ipv6_netmask_length": 0,
            "main_route_table_id": "rtb-0622086b7ee761506",
            "owner_id": "673233071717",
            "tags": {
              "Env": "stg",
              "a": "kubernetes.io/cluster/k8s-cluster-stg",
              "b": "shared"
            },
            "tags_all": {
              "Env": "stg",
              "a": "kubernetes.io/cluster/k8s-cluster-stg",
              "b": "shared"
            }
          },
          "sensitive_attributes": [],
          "private": "eyJzY2hlbWFfdmVyc2lvbiI6IjEifQ=="
        }
      ]
    }
  ]
}
